
Microsoft Visual Studio Solution File, Format Version 12.00
Project("{FAE04EC0-301F-11D3-BF4B-00C04F79EFBC}") = "Caisk.App", "Caisk.App\Caisk.App.csproj", "{E1539A81-9FFF-4C2B-B864-B9A8FDE80889}"
EndProject
Project("{FAE04EC0-301F-11D3-BF4B-00C04F79EFBC}") = "Caisk.Objects", "Caisk.Objects\Caisk.Objects.csproj", "{E2E67075-C58E-4BFD-85F2-327F8B1FCF47}"
EndProject
Project("{FAE04EC0-301F-11D3-BF4B-00C04F79EFBC}") = "Caisk.Objects.Tests", "Caisk.Objects.Tests\Caisk.Objects.Tests.csproj", "{416755E2-F813-4776-8191-3C6CBB71B50B}"
EndProject
Project("{FAE04EC0-301F-11D3-BF4B-00C04F79EFBC}") = "Caisk.SecureShells", "Caisk.SecureShells\Caisk.SecureShells.csproj", "{E58F29BF-B9AF-445C-BCF8-17CC53C938BB}"
EndProject
Project("{FAE04EC0-301F-11D3-BF4B-00C04F79EFBC}") = "Caisk.SecureShells.Tests", "Caisk.SecureShells.Tests\Caisk.SecureShells.Tests.csproj", "{FF973D29-69CA-47A0-89D8-2D680902B2C9}"
EndProject
Project("{FAE04EC0-301F-11D3-BF4B-00C04F79EFBC}") = "Caisk.Mongo", "Caisk.Mongo\Caisk.Mongo.csproj", "{4F576605-6C92-431B-921F-63D0EB7A543D}"
EndProject
Project("{FAE04EC0-301F-11D3-BF4B-00C04F79EFBC}") = "Caisk.Applications", "Caisk.Applications\Caisk.Applications.csproj", "{BCA8CC4B-782B-44B6-8854-4F3A33A91ACF}"
EndProject
Project("{FAE04EC0-301F-11D3-BF4B-00C04F79EFBC}") = "Caisk.Data", "Caisk.Data\Caisk.Data.csproj", "{5E3D3B7A-CC3D-4E58-93D1-44B3A39FB46A}"
EndProject
Project("{FAE04EC0-301F-11D3-BF4B-00C04F79EFBC}") = "Caisk.Data.LiteDb", "Caisk.Data.LiteDb\Caisk.Data.LiteDb.csproj", "{C6E70E9A-878F-4E8C-83B3-09C815B8EEAA}"
EndProject
Project("{FAE04EC0-301F-11D3-BF4B-00C04F79EFBC}") = "Caisk.Docker", "Caisk.Docker\Caisk.Docker.csproj", "{1D57F8D5-1D92-4E7F-BE5E-46AD4BDD44F6}"
EndProject
Project("{FAE04EC0-301F-11D3-BF4B-00C04F79EFBC}") = "Caisk.GitHub", "Caisk.GitHub\Caisk.GitHub.csproj", "{E9D91F3D-72F7-435A-9A88-6D33B2BFF04D}"
EndProject
Project("{FAE04EC0-301F-11D3-BF4B-00C04F79EFBC}") = "Caisk.Deploy", "Caisk.Deploy\Caisk.Deploy.csproj", "{6752FDA8-7EBC-45BA-A999-3978EEE501C1}"
EndProject
Global
	GlobalSection(SolutionConfigurationPlatforms) = preSolution
		Debug|Any CPU = Debug|Any CPU
		Release|Any CPU = Release|Any CPU
	EndGlobalSection
	GlobalSection(ProjectConfigurationPlatforms) = postSolution
		{E1539A81-9FFF-4C2B-B864-B9A8FDE80889}.Debug|Any CPU.ActiveCfg = Debug|Any CPU
		{E1539A81-9FFF-4C2B-B864-B9A8FDE80889}.Debug|Any CPU.Build.0 = Debug|Any CPU
		{E1539A81-9FFF-4C2B-B864-B9A8FDE80889}.Release|Any CPU.ActiveCfg = Release|Any CPU
		{E1539A81-9FFF-4C2B-B864-B9A8FDE80889}.Release|Any CPU.Build.0 = Release|Any CPU
		{E2E67075-C58E-4BFD-85F2-327F8B1FCF47}.Debug|Any CPU.ActiveCfg = Debug|Any CPU
		{E2E67075-C58E-4BFD-85F2-327F8B1FCF47}.Debug|Any CPU.Build.0 = Debug|Any CPU
		{E2E67075-C58E-4BFD-85F2-327F8B1FCF47}.Release|Any CPU.ActiveCfg = Release|Any CPU
		{E2E67075-C58E-4BFD-85F2-327F8B1FCF47}.Release|Any CPU.Build.0 = Release|Any CPU
		{416755E2-F813-4776-8191-3C6CBB71B50B}.Debug|Any CPU.ActiveCfg = Debug|Any CPU
		{416755E2-F813-4776-8191-3C6CBB71B50B}.Debug|Any CPU.Build.0 = Debug|Any CPU
		{416755E2-F813-4776-8191-3C6CBB71B50B}.Release|Any CPU.ActiveCfg = Release|Any CPU
		{416755E2-F813-4776-8191-3C6CBB71B50B}.Release|Any CPU.Build.0 = Release|Any CPU
		{E58F29BF-B9AF-445C-BCF8-17CC53C938BB}.Debug|Any CPU.ActiveCfg = Debug|Any CPU
		{E58F29BF-B9AF-445C-BCF8-17CC53C938BB}.Debug|Any CPU.Build.0 = Debug|Any CPU
		{E58F29BF-B9AF-445C-BCF8-17CC53C938BB}.Release|Any CPU.ActiveCfg = Release|Any CPU
		{E58F29BF-B9AF-445C-BCF8-17CC53C938BB}.Release|Any CPU.Build.0 = Release|Any CPU
		{FF973D29-69CA-47A0-89D8-2D680902B2C9}.Debug|Any CPU.ActiveCfg = Debug|Any CPU
		{FF973D29-69CA-47A0-89D8-2D680902B2C9}.Debug|Any CPU.Build.0 = Debug|Any CPU
		{FF973D29-69CA-47A0-89D8-2D680902B2C9}.Release|Any CPU.ActiveCfg = Release|Any CPU
		{FF973D29-69CA-47A0-89D8-2D680902B2C9}.Release|Any CPU.Build.0 = Release|Any CPU
		{4F576605-6C92-431B-921F-63D0EB7A543D}.Debug|Any CPU.ActiveCfg = Debug|Any CPU
		{4F576605-6C92-431B-921F-63D0EB7A543D}.Debug|Any CPU.Build.0 = Debug|Any CPU
		{4F576605-6C92-431B-921F-63D0EB7A543D}.Release|Any CPU.ActiveCfg = Release|Any CPU
		{4F576605-6C92-431B-921F-63D0EB7A543D}.Release|Any CPU.Build.0 = Release|Any CPU
		{BCA8CC4B-782B-44B6-8854-4F3A33A91ACF}.Debug|Any CPU.ActiveCfg = Debug|Any CPU
		{BCA8CC4B-782B-44B6-8854-4F3A33A91ACF}.Debug|Any CPU.Build.0 = Debug|Any CPU
		{BCA8CC4B-782B-44B6-8854-4F3A33A91ACF}.Release|Any CPU.ActiveCfg = Release|Any CPU
		{BCA8CC4B-782B-44B6-8854-4F3A33A91ACF}.Release|Any CPU.Build.0 = Release|Any CPU
		{5E3D3B7A-CC3D-4E58-93D1-44B3A39FB46A}.Debug|Any CPU.ActiveCfg = Debug|Any CPU
		{5E3D3B7A-CC3D-4E58-93D1-44B3A39FB46A}.Debug|Any CPU.Build.0 = Debug|Any CPU
		{5E3D3B7A-CC3D-4E58-93D1-44B3A39FB46A}.Release|Any CPU.ActiveCfg = Release|Any CPU
		{5E3D3B7A-CC3D-4E58-93D1-44B3A39FB46A}.Release|Any CPU.Build.0 = Release|Any CPU
		{C6E70E9A-878F-4E8C-83B3-09C815B8EEAA}.Debug|Any CPU.ActiveCfg = Debug|Any CPU
		{C6E70E9A-878F-4E8C-83B3-09C815B8EEAA}.Debug|Any CPU.Build.0 = Debug|Any CPU
		{C6E70E9A-878F-4E8C-83B3-09C815B8EEAA}.Release|Any CPU.ActiveCfg = Release|Any CPU
		{C6E70E9A-878F-4E8C-83B3-09C815B8EEAA}.Release|Any CPU.Build.0 = Release|Any CPU
		{1D57F8D5-1D92-4E7F-BE5E-46AD4BDD44F6}.Debug|Any CPU.ActiveCfg = Debug|Any CPU
		{1D57F8D5-1D92-4E7F-BE5E-46AD4BDD44F6}.Debug|Any CPU.Build.0 = Debug|Any CPU
		{1D57F8D5-1D92-4E7F-BE5E-46AD4BDD44F6}.Release|Any CPU.ActiveCfg = Release|Any CPU
		{1D57F8D5-1D92-4E7F-BE5E-46AD4BDD44F6}.Release|Any CPU.Build.0 = Release|Any CPU
		{E9D91F3D-72F7-435A-9A88-6D33B2BFF04D}.Debug|Any CPU.ActiveCfg = Debug|Any CPU
		{E9D91F3D-72F7-435A-9A88-6D33B2BFF04D}.Debug|Any CPU.Build.0 = Debug|Any CPU
		{E9D91F3D-72F7-435A-9A88-6D33B2BFF04D}.Release|Any CPU.ActiveCfg = Release|Any CPU
		{E9D91F3D-72F7-435A-9A88-6D33B2BFF04D}.Release|Any CPU.Build.0 = Release|Any CPU
		{6752FDA8-7EBC-45BA-A999-3978EEE501C1}.Debug|Any CPU.ActiveCfg = Debug|Any CPU
		{6752FDA8-7EBC-45BA-A999-3978EEE501C1}.Debug|Any CPU.Build.0 = Debug|Any CPU
		{6752FDA8-7EBC-45BA-A999-3978EEE501C1}.Release|Any CPU.ActiveCfg = Release|Any CPU
		{6752FDA8-7EBC-45BA-A999-3978EEE501C1}.Release|Any CPU.Build.0 = Release|Any CPU
	EndGlobalSection
EndGlobal
